
Microsoft Visual Studio Solution File, Format Version 12.00
# Visual Studio 14
VisualStudioVersion = 14.0.25420.1
MinimumVisualStudioVersion = 10.0.40219.1
Project("{FAE04EC0-301F-11D3-BF4B-00C04F79EFBC}") = "ALSamples.Droid", "ALSamples\ALSamples.Droid\ALSamples.Droid.csproj", "{ADB258C6-BC50-4CA7-983E-3F6952C22776}"
EndProject
Project("{FAE04EC0-301F-11D3-BF4B-00C04F79EFBC}") = "ALSamples.iOS", "ALSamples\ALSamples.iOS\ALSamples.iOS.csproj", "{46CACD25-8A68-4069-B714-CED88AD7F50A}"
EndProject
Project("{FAE04EC0-301F-11D3-BF4B-00C04F79EFBC}") = "ALSamples.WinPhone", "ALSamples\ALSamples.WinPhone\ALSamples.WinPhone.csproj", "{AF51DC42-C520-42FD-A15A-E37A7431A5FA}"
EndProject
Project("{FAE04EC0-301F-11D3-BF4B-00C04F79EFBC}") = "ALSamples.UWP", "ALSamples\ALSamples.UWP\ALSamples.UWP.csproj", "{2026E775-8B0C-48FE-AF65-D10BA7FB73F2}"
EndProject
Project("{FAE04EC0-301F-11D3-BF4B-00C04F79EFBC}") = "ALSamples.Windows", "ALSamples\ALSamples.Windows\ALSamples.Windows.csproj", "{7CE263B7-3D45-4CA2-B02D-67D01C06F58D}"
EndProject
Project("{FAE04EC0-301F-11D3-BF4B-00C04F79EFBC}") = "ALSamples", "ALSamples\ALSamples\ALSamples.csproj", "{702EE2F0-91C6-435D-AA63-E5B19960B5C4}"
EndProject
Global
	GlobalSection(SolutionConfigurationPlatforms) = preSolution
		Ad-Hoc|Any CPU = Ad-Hoc|Any CPU
		Ad-Hoc|ARM = Ad-Hoc|ARM
		Ad-Hoc|iPhone = Ad-Hoc|iPhone
		Ad-Hoc|iPhoneSimulator = Ad-Hoc|iPhoneSimulator
		Ad-Hoc|x64 = Ad-Hoc|x64
		Ad-Hoc|x86 = Ad-Hoc|x86
		AppStore|Any CPU = AppStore|Any CPU
		AppStore|ARM = AppStore|ARM
		AppStore|iPhone = AppStore|iPhone
		AppStore|iPhoneSimulator = AppStore|iPhoneSimulator
		AppStore|x64 = AppStore|x64
		AppStore|x86 = AppStore|x86
		Debug|Any CPU = Debug|Any CPU
		Debug|ARM = Debug|ARM
		Debug|iPhone = Debug|iPhone
		Debug|iPhoneSimulator = Debug|iPhoneSimulator
		Debug|x64 = Debug|x64
		Debug|x86 = Debug|x86
		Release|Any CPU = Release|Any CPU
		Release|ARM = Release|ARM
		Release|iPhone = Release|iPhone
		Release|iPhoneSimulator = Release|iPhoneSimulator
		Release|x64 = Release|x64
		Release|x86 = Release|x86
	EndGlobalSection
	GlobalSection(ProjectConfigurationPlatforms) = postSolution
		{ADB258C6-BC50-4CA7-983E-3F6952C22776}.Ad-Hoc|Any CPU.ActiveCfg = Release|Any CPU
		{ADB258C6-BC50-4CA7-983E-3F6952C22776}.Ad-Hoc|Any CPU.Build.0 = Release|Any CPU
		{ADB258C6-BC50-4CA7-983E-3F6952C22776}.Ad-Hoc|Any CPU.Deploy.0 = Release|Any CPU
		{ADB258C6-BC50-4CA7-983E-3F6952C22776}.Ad-Hoc|ARM.ActiveCfg = Release|Any CPU
		{ADB258C6-BC50-4CA7-983E-3F6952C22776}.Ad-Hoc|ARM.Build.0 = Release|Any CPU
		{ADB258C6-BC50-4CA7-983E-3F6952C22776}.Ad-Hoc|ARM.Deploy.0 = Release|Any CPU
		{ADB258C6-BC50-4CA7-983E-3F6952C22776}.Ad-Hoc|iPhone.ActiveCfg = Release|Any CPU
		{ADB258C6-BC50-4CA7-983E-3F6952C22776}.Ad-Hoc|iPhone.Build.0 = Release|Any CPU
		{ADB258C6-BC50-4CA7-983E-3F6952C22776}.Ad-Hoc|iPhone.Deploy.0 = Release|Any CPU
		{ADB258C6-BC50-4CA7-983E-3F6952C22776}.Ad-Hoc|iPhoneSimulator.ActiveCfg = Release|Any CPU
		{ADB258C6-BC50-4CA7-983E-3F6952C22776}.Ad-Hoc|iPhoneSimulator.Build.0 = Release|Any CPU
		{ADB258C6-BC50-4CA7-983E-3F6952C22776}.Ad-Hoc|iPhoneSimulator.Deploy.0 = Release|Any CPU
		{ADB258C6-BC50-4CA7-983E-3F6952C22776}.Ad-Hoc|x64.ActiveCfg = Release|Any CPU
		{ADB258C6-BC50-4CA7-983E-3F6952C22776}.Ad-Hoc|x64.Build.0 = Release|Any CPU
		{ADB258C6-BC50-4CA7-983E-3F6952C22776}.Ad-Hoc|x64.Deploy.0 = Release|Any CPU
		{ADB258C6-BC50-4CA7-983E-3F6952C22776}.Ad-Hoc|x86.ActiveCfg = Release|Any CPU
		{ADB258C6-BC50-4CA7-983E-3F6952C22776}.Ad-Hoc|x86.Build.0 = Release|Any CPU
		{ADB258C6-BC50-4CA7-983E-3F6952C22776}.Ad-Hoc|x86.Deploy.0 = Release|Any CPU
		{ADB258C6-BC50-4CA7-983E-3F6952C22776}.AppStore|Any CPU.ActiveCfg = Release|Any CPU
		{ADB258C6-BC50-4CA7-983E-3F6952C22776}.AppStore|Any CPU.Build.0 = Release|Any CPU
		{ADB258C6-BC50-4CA7-983E-3F6952C22776}.AppStore|Any CPU.Deploy.0 = Release|Any CPU
		{ADB258C6-BC50-4CA7-983E-3F6952C22776}.AppStore|ARM.ActiveCfg = Release|Any CPU
		{ADB258C6-BC50-4CA7-983E-3F6952C22776}.AppStore|ARM.Build.0 = Release|Any CPU
		{ADB258C6-BC50-4CA7-983E-3F6952C22776}.AppStore|ARM.Deploy.0 = Release|Any CPU
		{ADB258C6-BC50-4CA7-983E-3F6952C22776}.AppStore|iPhone.ActiveCfg = Release|Any CPU
		{ADB258C6-BC50-4CA7-983E-3F6952C22776}.AppStore|iPhone.Build.0 = Release|Any CPU
		{ADB258C6-BC50-4CA7-983E-3F6952C22776}.AppStore|iPhone.Deploy.0 = Release|Any CPU
		{ADB258C6-BC50-4CA7-983E-3F6952C22776}.AppStore|iPhoneSimulator.ActiveCfg = Release|Any CPU
		{ADB258C6-BC50-4CA7-983E-3F6952C22776}.AppStore|iPhoneSimulator.Build.0 = Release|Any CPU
		{ADB258C6-BC50-4CA7-983E-3F6952C22776}.AppStore|iPhoneSimulator.Deploy.0 = Release|Any CPU
		{ADB258C6-BC50-4CA7-983E-3F6952C22776}.AppStore|x64.ActiveCfg = Release|Any CPU
		{ADB258C6-BC50-4CA7-983E-3F6952C22776}.AppStore|x64.Build.0 = Release|Any CPU
		{ADB258C6-BC50-4CA7-983E-3F6952C22776}.AppStore|x64.Deploy.0 = Release|Any CPU
		{ADB258C6-BC50-4CA7-983E-3F6952C22776}.AppStore|x86.ActiveCfg = Release|Any CPU
		{ADB258C6-BC50-4CA7-983E-3F6952C22776}.AppStore|x86.Build.0 = Release|Any CPU
		{ADB258C6-BC50-4CA7-983E-3F6952C22776}.AppStore|x86.Deploy.0 = Release|Any CPU
		{ADB258C6-BC50-4CA7-983E-3F6952C22776}.Debug|Any CPU.ActiveCfg = Debug|Any CPU
		{ADB258C6-BC50-4CA7-983E-3F6952C22776}.Debug|Any CPU.Build.0 = Debug|Any CPU
		{ADB258C6-BC50-4CA7-983E-3F6952C22776}.Debug|Any CPU.Deploy.0 = Debug|Any CPU
		{ADB258C6-BC50-4CA7-983E-3F6952C22776}.Debug|ARM.ActiveCfg = Debug|Any CPU
		{ADB258C6-BC50-4CA7-983E-3F6952C22776}.Debug|ARM.Build.0 = Debug|Any CPU
		{ADB258C6-BC50-4CA7-983E-3F6952C22776}.Debug|ARM.Deploy.0 = Debug|Any CPU
		{ADB258C6-BC50-4CA7-983E-3F6952C22776}.Debug|iPhone.ActiveCfg = Debug|Any CPU
		{ADB258C6-BC50-4CA7-983E-3F6952C22776}.Debug|iPhone.Build.0 = Debug|Any CPU
		{ADB258C6-BC50-4CA7-983E-3F6952C22776}.Debug|iPhone.Deploy.0 = Debug|Any CPU
		{ADB258C6-BC50-4CA7-983E-3F6952C22776}.Debug|iPhoneSimulator.ActiveCfg = Debug|Any CPU
		{ADB258C6-BC50-4CA7-983E-3F6952C22776}.Debug|iPhoneSimulator.Build.0 = Debug|Any CPU
		{ADB258C6-BC50-4CA7-983E-3F6952C22776}.Debug|iPhoneSimulator.Deploy.0 = Debug|Any CPU
		{ADB258C6-BC50-4CA7-983E-3F6952C22776}.Debug|x64.ActiveCfg = Debug|Any CPU
		{ADB258C6-BC50-4CA7-983E-3F6952C22776}.Debug|x64.Build.0 = Debug|Any CPU
		{ADB258C6-BC50-4CA7-983E-3F6952C22776}.Debug|x64.Deploy.0 = Debug|Any CPU
		{ADB258C6-BC50-4CA7-983E-3F6952C22776}.Debug|x86.ActiveCfg = Debug|Any CPU
		{ADB258C6-BC50-4CA7-983E-3F6952C22776}.Debug|x86.Build.0 = Debug|Any CPU
		{ADB258C6-BC50-4CA7-983E-3F6952C22776}.Debug|x86.Deploy.0 = Debug|Any CPU
		{ADB258C6-BC50-4CA7-983E-3F6952C22776}.Release|Any CPU.ActiveCfg = Release|Any CPU
		{ADB258C6-BC50-4CA7-983E-3F6952C22776}.Release|Any CPU.Build.0 = Release|Any CPU
		{ADB258C6-BC50-4CA7-983E-3F6952C22776}.Release|Any CPU.Deploy.0 = Release|Any CPU
		{ADB258C6-BC50-4CA7-983E-3F6952C22776}.Release|ARM.ActiveCfg = Release|Any CPU
		{ADB258C6-BC50-4CA7-983E-3F6952C22776}.Release|ARM.Build.0 = Release|Any CPU
		{ADB258C6-BC50-4CA7-983E-3F6952C22776}.Release|ARM.Deploy.0 = Release|Any CPU
		{ADB258C6-BC50-4CA7-983E-3F6952C22776}.Release|iPhone.ActiveCfg = Release|Any CPU
		{ADB258C6-BC50-4CA7-983E-3F6952C22776}.Release|iPhone.Build.0 = Release|Any CPU
		{ADB258C6-BC50-4CA7-983E-3F6952C22776}.Release|iPhone.Deploy.0 = Release|Any CPU
		{ADB258C6-BC50-4CA7-983E-3F6952C22776}.Release|iPhoneSimulator.ActiveCfg = Release|Any CPU
		{ADB258C6-BC50-4CA7-983E-3F6952C22776}.Release|iPhoneSimulator.Build.0 = Release|Any CPU
		{ADB258C6-BC50-4CA7-983E-3F6952C22776}.Release|iPhoneSimulator.Deploy.0 = Release|Any CPU
		{ADB258C6-BC50-4CA7-983E-3F6952C22776}.Release|x64.ActiveCfg = Release|Any CPU
		{ADB258C6-BC50-4CA7-983E-3F6952C22776}.Release|x64.Build.0 = Release|Any CPU
		{ADB258C6-BC50-4CA7-983E-3F6952C22776}.Release|x64.Deploy.0 = Release|Any CPU
		{ADB258C6-BC50-4CA7-983E-3F6952C22776}.Release|x86.ActiveCfg = Release|Any CPU
		{ADB258C6-BC50-4CA7-983E-3F6952C22776}.Release|x86.Build.0 = Release|Any CPU
		{ADB258C6-BC50-4CA7-983E-3F6952C22776}.Release|x86.Deploy.0 = Release|Any CPU
		{46CACD25-8A68-4069-B714-CED88AD7F50A}.Ad-Hoc|Any CPU.ActiveCfg = Ad-Hoc|iPhone
		{46CACD25-8A68-4069-B714-CED88AD7F50A}.Ad-Hoc|ARM.ActiveCfg = Ad-Hoc|iPhone
		{46CACD25-8A68-4069-B714-CED88AD7F50A}.Ad-Hoc|iPhone.ActiveCfg = Ad-Hoc|iPhone
		{46CACD25-8A68-4069-B714-CED88AD7F50A}.Ad-Hoc|iPhone.Build.0 = Ad-Hoc|iPhone
		{46CACD25-8A68-4069-B714-CED88AD7F50A}.Ad-Hoc|iPhoneSimulator.ActiveCfg = Ad-Hoc|iPhoneSimulator
		{46CACD25-8A68-4069-B714-CED88AD7F50A}.Ad-Hoc|iPhoneSimulator.Build.0 = Ad-Hoc|iPhoneSimulator
		{46CACD25-8A68-4069-B714-CED88AD7F50A}.Ad-Hoc|x64.ActiveCfg = Ad-Hoc|iPhone
		{46CACD25-8A68-4069-B714-CED88AD7F50A}.Ad-Hoc|x86.ActiveCfg = Ad-Hoc|iPhone
		{46CACD25-8A68-4069-B714-CED88AD7F50A}.AppStore|Any CPU.ActiveCfg = AppStore|iPhone
		{46CACD25-8A68-4069-B714-CED88AD7F50A}.AppStore|ARM.ActiveCfg = AppStore|iPhone
		{46CACD25-8A68-4069-B714-CED88AD7F50A}.AppStore|iPhone.ActiveCfg = AppStore|iPhone
		{46CACD25-8A68-4069-B714-CED88AD7F50A}.AppStore|iPhone.Build.0 = AppStore|iPhone
		{46CACD25-8A68-4069-B714-CED88AD7F50A}.AppStore|iPhoneSimulator.ActiveCfg = AppStore|iPhoneSimulator
		{46CACD25-8A68-4069-B714-CED88AD7F50A}.AppStore|iPhoneSimulator.Build.0 = AppStore|iPhoneSimulator
		{46CACD25-8A68-4069-B714-CED88AD7F50A}.AppStore|x64.ActiveCfg = AppStore|iPhone
		{46CACD25-8A68-4069-B714-CED88AD7F50A}.AppStore|x86.ActiveCfg = AppStore|iPhone
		{46CACD25-8A68-4069-B714-CED88AD7F50A}.Debug|Any CPU.ActiveCfg = Debug|iPhone
		{46CACD25-8A68-4069-B714-CED88AD7F50A}.Debug|ARM.ActiveCfg = Debug|iPhone
		{46CACD25-8A68-4069-B714-CED88AD7F50A}.Debug|iPhone.ActiveCfg = Debug|iPhone
		{46CACD25-8A68-4069-B714-CED88AD7F50A}.Debug|iPhone.Build.0 = Debug|iPhone
		{46CACD25-8A68-4069-B714-CED88AD7F50A}.Debug|iPhoneSimulator.ActiveCfg = Debug|iPhoneSimulator
		{46CACD25-8A68-4069-B714-CED88AD7F50A}.Debug|iPhoneSimulator.Build.0 = Debug|iPhoneSimulator
		{46CACD25-8A68-4069-B714-CED88AD7F50A}.Debug|x64.ActiveCfg = Debug|iPhone
		{46CACD25-8A68-4069-B714-CED88AD7F50A}.Debug|x86.ActiveCfg = Debug|iPhone
		{46CACD25-8A68-4069-B714-CED88AD7F50A}.Release|Any CPU.ActiveCfg = Release|iPhone
		{46CACD25-8A68-4069-B714-CED88AD7F50A}.Release|ARM.ActiveCfg = Release|iPhone
		{46CACD25-8A68-4069-B714-CED88AD7F50A}.Release|iPhone.ActiveCfg = Release|iPhone
		{46CACD25-8A68-4069-B714-CED88AD7F50A}.Release|iPhone.Build.0 = Release|iPhone
		{46CACD25-8A68-4069-B714-CED88AD7F50A}.Release|iPhoneSimulator.ActiveCfg = Release|iPhoneSimulator
		{46CACD25-8A68-4069-B714-CED88AD7F50A}.Release|iPhoneSimulator.Build.0 = Release|iPhoneSimulator
		{46CACD25-8A68-4069-B714-CED88AD7F50A}.Release|x64.ActiveCfg = Release|iPhone
		{46CACD25-8A68-4069-B714-CED88AD7F50A}.Release|x86.ActiveCfg = Release|iPhone
		{AF51DC42-C520-42FD-A15A-E37A7431A5FA}.Ad-Hoc|Any CPU.ActiveCfg = Release|Any CPU
		{AF51DC42-C520-42FD-A15A-E37A7431A5FA}.Ad-Hoc|Any CPU.Build.0 = Release|Any CPU
		{AF51DC42-C520-42FD-A15A-E37A7431A5FA}.Ad-Hoc|Any CPU.Deploy.0 = Release|Any CPU
		{AF51DC42-C520-42FD-A15A-E37A7431A5FA}.Ad-Hoc|ARM.ActiveCfg = Release|ARM
		{AF51DC42-C520-42FD-A15A-E37A7431A5FA}.Ad-Hoc|ARM.Build.0 = Release|ARM
		{AF51DC42-C520-42FD-A15A-E37A7431A5FA}.Ad-Hoc|ARM.Deploy.0 = Release|ARM
		{AF51DC42-C520-42FD-A15A-E37A7431A5FA}.Ad-Hoc|iPhone.ActiveCfg = Release|Any CPU
		{AF51DC42-C520-42FD-A15A-E37A7431A5FA}.Ad-Hoc|iPhone.Build.0 = Release|Any CPU
		{AF51DC42-C520-42FD-A15A-E37A7431A5FA}.Ad-Hoc|iPhone.Deploy.0 = Release|Any CPU
		{AF51DC42-C520-42FD-A15A-E37A7431A5FA}.Ad-Hoc|iPhoneSimulator.ActiveCfg = Release|Any CPU
		{AF51DC42-C520-42FD-A15A-E37A7431A5FA}.Ad-Hoc|iPhoneSimulator.Build.0 = Release|Any CPU
		{AF51DC42-C520-42FD-A15A-E37A7431A5FA}.Ad-Hoc|iPhoneSimulator.Deploy.0 = Release|Any CPU
		{AF51DC42-C520-42FD-A15A-E37A7431A5FA}.Ad-Hoc|x64.ActiveCfg = Release|Any CPU
		{AF51DC42-C520-42FD-A15A-E37A7431A5FA}.Ad-Hoc|x64.Build.0 = Release|Any CPU
		{AF51DC42-C520-42FD-A15A-E37A7431A5FA}.Ad-Hoc|x64.Deploy.0 = Release|Any CPU
		{AF51DC42-C520-42FD-A15A-E37A7431A5FA}.Ad-Hoc|x86.ActiveCfg = Release|x86
		{AF51DC42-C520-42FD-A15A-E37A7431A5FA}.Ad-Hoc|x86.Build.0 = Release|x86
		{AF51DC42-C520-42FD-A15A-E37A7431A5FA}.Ad-Hoc|x86.Deploy.0 = Release|x86
		{AF51DC42-C520-42FD-A15A-E37A7431A5FA}.AppStore|Any CPU.ActiveCfg = Release|Any CPU
		{AF51DC42-C520-42FD-A15A-E37A7431A5FA}.AppStore|Any CPU.Build.0 = Release|Any CPU
		{AF51DC42-C520-42FD-A15A-E37A7431A5FA}.AppStore|Any CPU.Deploy.0 = Release|Any CPU
		{AF51DC42-C520-42FD-A15A-E37A7431A5FA}.AppStore|ARM.ActiveCfg = Release|ARM
		{AF51DC42-C520-42FD-A15A-E37A7431A5FA}.AppStore|ARM.Build.0 = Release|ARM
		{AF51DC42-C520-42FD-A15A-E37A7431A5FA}.AppStore|ARM.Deploy.0 = Release|ARM
		{AF51DC42-C520-42FD-A15A-E37A7431A5FA}.AppStore|iPhone.ActiveCfg = Release|Any CPU
		{AF51DC42-C520-42FD-A15A-E37A7431A5FA}.AppStore|iPhone.Build.0 = Release|Any CPU
		{AF51DC42-C520-42FD-A15A-E37A7431A5FA}.AppStore|iPhone.Deploy.0 = Release|Any CPU
		{AF51DC42-C520-42FD-A15A-E37A7431A5FA}.AppStore|iPhoneSimulator.ActiveCfg = Release|Any CPU
		{AF51DC42-C520-42FD-A15A-E37A7431A5FA}.AppStore|iPhoneSimulator.Build.0 = Release|Any CPU
		{AF51DC42-C520-42FD-A15A-E37A7431A5FA}.AppStore|iPhoneSimulator.Deploy.0 = Release|Any CPU
		{AF51DC42-C520-42FD-A15A-E37A7431A5FA}.AppStore|x64.ActiveCfg = Release|Any CPU
		{AF51DC42-C520-42FD-A15A-E37A7431A5FA}.AppStore|x64.Build.0 = Release|Any CPU
		{AF51DC42-C520-42FD-A15A-E37A7431A5FA}.AppStore|x64.Deploy.0 = Release|Any CPU
		{AF51DC42-C520-42FD-A15A-E37A7431A5FA}.AppStore|x86.ActiveCfg = Release|x86
		{AF51DC42-C520-42FD-A15A-E37A7431A5FA}.AppStore|x86.Build.0 = Release|x86
		{AF51DC42-C520-42FD-A15A-E37A7431A5FA}.AppStore|x86.Deploy.0 = Release|x86
		{AF51DC42-C520-42FD-A15A-E37A7431A5FA}.Debug|Any CPU.ActiveCfg = Debug|Any CPU
		{AF51DC42-C520-42FD-A15A-E37A7431A5FA}.Debug|Any CPU.Build.0 = Debug|Any CPU
		{AF51DC42-C520-42FD-A15A-E37A7431A5FA}.Debug|Any CPU.Deploy.0 = Debug|Any CPU
		{AF51DC42-C520-42FD-A15A-E37A7431A5FA}.Debug|ARM.ActiveCfg = Debug|ARM
		{AF51DC42-C520-42FD-A15A-E37A7431A5FA}.Debug|ARM.Build.0 = Debug|ARM
		{AF51DC42-C520-42FD-A15A-E37A7431A5FA}.Debug|ARM.Deploy.0 = Debug|ARM
		{AF51DC42-C520-42FD-A15A-E37A7431A5FA}.Debug|iPhone.ActiveCfg = Debug|Any CPU
		{AF51DC42-C520-42FD-A15A-E37A7431A5FA}.Debug|iPhone.Build.0 = Debug|Any CPU
		{AF51DC42-C520-42FD-A15A-E37A7431A5FA}.Debug|iPhone.Deploy.0 = Debug|Any CPU
		{AF51DC42-C520-42FD-A15A-E37A7431A5FA}.Debug|iPhoneSimulator.ActiveCfg = Debug|Any CPU
		{AF51DC42-C520-42FD-A15A-E37A7431A5FA}.Debug|iPhoneSimulator.Build.0 = Debug|Any CPU
		{AF51DC42-C520-42FD-A15A-E37A7431A5FA}.Debug|iPhoneSimulator.Deploy.0 = Debug|Any CPU
		{AF51DC42-C520-42FD-A15A-E37A7431A5FA}.Debug|x64.ActiveCfg = Debug|Any CPU
		{AF51DC42-C520-42FD-A15A-E37A7431A5FA}.Debug|x64.Build.0 = Debug|Any CPU
		{AF51DC42-C520-42FD-A15A-E37A7431A5FA}.Debug|x64.Deploy.0 = Debug|Any CPU
		{AF51DC42-C520-42FD-A15A-E37A7431A5FA}.Debug|x86.ActiveCfg = Debug|x86
		{AF51DC42-C520-42FD-A15A-E37A7431A5FA}.Debug|x86.Build.0 = Debug|x86
		{AF51DC42-C520-42FD-A15A-E37A7431A5FA}.Debug|x86.Deploy.0 = Debug|x86
		{AF51DC42-C520-42FD-A15A-E37A7431A5FA}.Release|Any CPU.ActiveCfg = Release|Any CPU
		{AF51DC42-C520-42FD-A15A-E37A7431A5FA}.Release|Any CPU.Build.0 = Release|Any CPU
		{AF51DC42-C520-42FD-A15A-E37A7431A5FA}.Release|Any CPU.Deploy.0 = Release|Any CPU
		{AF51DC42-C520-42FD-A15A-E37A7431A5FA}.Release|ARM.ActiveCfg = Release|ARM
		{AF51DC42-C520-42FD-A15A-E37A7431A5FA}.Release|ARM.Build.0 = Release|ARM
		{AF51DC42-C520-42FD-A15A-E37A7431A5FA}.Release|ARM.Deploy.0 = Release|ARM
		{AF51DC42-C520-42FD-A15A-E37A7431A5FA}.Release|iPhone.ActiveCfg = Release|Any CPU
		{AF51DC42-C520-42FD-A15A-E37A7431A5FA}.Release|iPhone.Build.0 = Release|Any CPU
		{AF51DC42-C520-42FD-A15A-E37A7431A5FA}.Release|iPhone.Deploy.0 = Release|Any CPU
		{AF51DC42-C520-42FD-A15A-E37A7431A5FA}.Release|iPhoneSimulator.ActiveCfg = Release|Any CPU
		{AF51DC42-C520-42FD-A15A-E37A7431A5FA}.Release|iPhoneSimulator.Build.0 = Release|Any CPU
		{AF51DC42-C520-42FD-A15A-E37A7431A5FA}.Release|iPhoneSimulator.Deploy.0 = Release|Any CPU
		{AF51DC42-C520-42FD-A15A-E37A7431A5FA}.Release|x64.ActiveCfg = Release|Any CPU
		{AF51DC42-C520-42FD-A15A-E37A7431A5FA}.Release|x64.Build.0 = Release|Any CPU
		{AF51DC42-C520-42FD-A15A-E37A7431A5FA}.Release|x64.Deploy.0 = Release|Any CPU
		{AF51DC42-C520-42FD-A15A-E37A7431A5FA}.Release|x86.ActiveCfg = Release|x86
		{AF51DC42-C520-42FD-A15A-E37A7431A5FA}.Release|x86.Build.0 = Release|x86
		{AF51DC42-C520-42FD-A15A-E37A7431A5FA}.Release|x86.Deploy.0 = Release|x86
		{2026E775-8B0C-48FE-AF65-D10BA7FB73F2}.Ad-Hoc|Any CPU.ActiveCfg = Release|x86
		{2026E775-8B0C-48FE-AF65-D10BA7FB73F2}.Ad-Hoc|Any CPU.Build.0 = Release|x86
		{2026E775-8B0C-48FE-AF65-D10BA7FB73F2}.Ad-Hoc|Any CPU.Deploy.0 = Release|x86
		{2026E775-8B0C-48FE-AF65-D10BA7FB73F2}.Ad-Hoc|ARM.ActiveCfg = Release|ARM
		{2026E775-8B0C-48FE-AF65-D10BA7FB73F2}.Ad-Hoc|ARM.Build.0 = Release|ARM
		{2026E775-8B0C-48FE-AF65-D10BA7FB73F2}.Ad-Hoc|ARM.Deploy.0 = Release|ARM
		{2026E775-8B0C-48FE-AF65-D10BA7FB73F2}.Ad-Hoc|iPhone.ActiveCfg = Release|x86
		{2026E775-8B0C-48FE-AF65-D10BA7FB73F2}.Ad-Hoc|iPhone.Build.0 = Release|x86
		{2026E775-8B0C-48FE-AF65-D10BA7FB73F2}.Ad-Hoc|iPhone.Deploy.0 = Release|x86
		{2026E775-8B0C-48FE-AF65-D10BA7FB73F2}.Ad-Hoc|iPhoneSimulator.ActiveCfg = Release|x86
		{2026E775-8B0C-48FE-AF65-D10BA7FB73F2}.Ad-Hoc|iPhoneSimulator.Build.0 = Release|x86
		{2026E775-8B0C-48FE-AF65-D10BA7FB73F2}.Ad-Hoc|iPhoneSimulator.Deploy.0 = Release|x86
		{2026E775-8B0C-48FE-AF65-D10BA7FB73F2}.Ad-Hoc|x64.ActiveCfg = Release|x64
		{2026E775-8B0C-48FE-AF65-D10BA7FB73F2}.Ad-Hoc|x64.Build.0 = Release|x64
		{2026E775-8B0C-48FE-AF65-D10BA7FB73F2}.Ad-Hoc|x64.Deploy.0 = Release|x64
		{2026E775-8B0C-48FE-AF65-D10BA7FB73F2}.Ad-Hoc|x86.ActiveCfg = Release|x86
		{2026E775-8B0C-48FE-AF65-D10BA7FB73F2}.Ad-Hoc|x86.Build.0 = Release|x86
		{2026E775-8B0C-48FE-AF65-D10BA7FB73F2}.Ad-Hoc|x86.Deploy.0 = Release|x86
		{2026E775-8B0C-48FE-AF65-D10BA7FB73F2}.AppStore|Any CPU.ActiveCfg = Release|x86
		{2026E775-8B0C-48FE-AF65-D10BA7FB73F2}.AppStore|Any CPU.Build.0 = Release|x86
		{2026E775-8B0C-48FE-AF65-D10BA7FB73F2}.AppStore|Any CPU.Deploy.0 = Release|x86
		{2026E775-8B0C-48FE-AF65-D10BA7FB73F2}.AppStore|ARM.ActiveCfg = Release|ARM
		{2026E775-8B0C-48FE-AF65-D10BA7FB73F2}.AppStore|ARM.Build.0 = Release|ARM
		{2026E775-8B0C-48FE-AF65-D10BA7FB73F2}.AppStore|ARM.Deploy.0 = Release|ARM
		{2026E775-8B0C-48FE-AF65-D10BA7FB73F2}.AppStore|iPhone.ActiveCfg = Release|x86
		{2026E775-8B0C-48FE-AF65-D10BA7FB73F2}.AppStore|iPhone.Build.0 = Release|x86
		{2026E775-8B0C-48FE-AF65-D10BA7FB73F2}.AppStore|iPhone.Deploy.0 = Release|x86
		{2026E775-8B0C-48FE-AF65-D10BA7FB73F2}.AppStore|iPhoneSimulator.ActiveCfg = Release|x86
		{2026E775-8B0C-48FE-AF65-D10BA7FB73F2}.AppStore|iPhoneSimulator.Build.0 = Release|x86
		{2026E775-8B0C-48FE-AF65-D10BA7FB73F2}.AppStore|iPhoneSimulator.Deploy.0 = Release|x86
		{2026E775-8B0C-48FE-AF65-D10BA7FB73F2}.AppStore|x64.ActiveCfg = Release|x64
		{2026E775-8B0C-48FE-AF65-D10BA7FB73F2}.AppStore|x64.Build.0 = Release|x64
		{2026E775-8B0C-48FE-AF65-D10BA7FB73F2}.AppStore|x64.Deploy.0 = Release|x64
		{2026E775-8B0C-48FE-AF65-D10BA7FB73F2}.AppStore|x86.ActiveCfg = Release|x86
		{2026E775-8B0C-48FE-AF65-D10BA7FB73F2}.AppStore|x86.Build.0 = Release|x86
		{2026E775-8B0C-48FE-AF65-D10BA7FB73F2}.AppStore|x86.Deploy.0 = Release|x86
		{2026E775-8B0C-48FE-AF65-D10BA7FB73F2}.Debug|Any CPU.ActiveCfg = Debug|x86
		{2026E775-8B0C-48FE-AF65-D10BA7FB73F2}.Debug|ARM.ActiveCfg = Debug|ARM
		{2026E775-8B0C-48FE-AF65-D10BA7FB73F2}.Debug|ARM.Build.0 = Debug|ARM
		{2026E775-8B0C-48FE-AF65-D10BA7FB73F2}.Debug|ARM.Deploy.0 = Debug|ARM
		{2026E775-8B0C-48FE-AF65-D10BA7FB73F2}.Debug|iPhone.ActiveCfg = Debug|x86
		{2026E775-8B0C-48FE-AF65-D10BA7FB73F2}.Debug|iPhoneSimulator.ActiveCfg = Debug|x86
		{2026E775-8B0C-48FE-AF65-D10BA7FB73F2}.Debug|x64.ActiveCfg = Debug|x64
		{2026E775-8B0C-48FE-AF65-D10BA7FB73F2}.Debug|x64.Build.0 = Debug|x64
		{2026E775-8B0C-48FE-AF65-D10BA7FB73F2}.Debug|x64.Deploy.0 = Debug|x64
		{2026E775-8B0C-48FE-AF65-D10BA7FB73F2}.Debug|x86.ActiveCfg = Debug|x86
		{2026E775-8B0C-48FE-AF65-D10BA7FB73F2}.Debug|x86.Build.0 = Debug|x86
		{2026E775-8B0C-48FE-AF65-D10BA7FB73F2}.Debug|x86.Deploy.0 = Debug|x86
		{2026E775-8B0C-48FE-AF65-D10BA7FB73F2}.Release|Any CPU.ActiveCfg = Release|x86
		{2026E775-8B0C-48FE-AF65-D10BA7FB73F2}.Release|ARM.ActiveCfg = Release|ARM
		{2026E775-8B0C-48FE-AF65-D10BA7FB73F2}.Release|ARM.Build.0 = Release|ARM
		{2026E775-8B0C-48FE-AF65-D10BA7FB73F2}.Release|ARM.Deploy.0 = Release|ARM
		{2026E775-8B0C-48FE-AF65-D10BA7FB73F2}.Release|iPhone.ActiveCfg = Release|x86
		{2026E775-8B0C-48FE-AF65-D10BA7FB73F2}.Release|iPhoneSimulator.ActiveCfg = Release|x86
		{2026E775-8B0C-48FE-AF65-D10BA7FB73F2}.Release|x64.ActiveCfg = Release|x64
		{2026E775-8B0C-48FE-AF65-D10BA7FB73F2}.Release|x64.Build.0 = Release|x64
		{2026E775-8B0C-48FE-AF65-D10BA7FB73F2}.Release|x64.Deploy.0 = Release|x64
		{2026E775-8B0C-48FE-AF65-D10BA7FB73F2}.Release|x86.ActiveCfg = Release|x86
		{2026E775-8B0C-48FE-AF65-D10BA7FB73F2}.Release|x86.Build.0 = Release|x86
		{2026E775-8B0C-48FE-AF65-D10BA7FB73F2}.Release|x86.Deploy.0 = Release|x86
		{7CE263B7-3D45-4CA2-B02D-67D01C06F58D}.Ad-Hoc|Any CPU.ActiveCfg = Release|Any CPU
		{7CE263B7-3D45-4CA2-B02D-67D01C06F58D}.Ad-Hoc|Any CPU.Build.0 = Release|Any CPU
		{7CE263B7-3D45-4CA2-B02D-67D01C06F58D}.Ad-Hoc|Any CPU.Deploy.0 = Release|Any CPU
		{7CE263B7-3D45-4CA2-B02D-67D01C06F58D}.Ad-Hoc|ARM.ActiveCfg = Release|ARM
		{7CE263B7-3D45-4CA2-B02D-67D01C06F58D}.Ad-Hoc|ARM.Build.0 = Release|ARM
		{7CE263B7-3D45-4CA2-B02D-67D01C06F58D}.Ad-Hoc|ARM.Deploy.0 = Release|ARM
		{7CE263B7-3D45-4CA2-B02D-67D01C06F58D}.Ad-Hoc|iPhone.ActiveCfg = Release|Any CPU
		{7CE263B7-3D45-4CA2-B02D-67D01C06F58D}.Ad-Hoc|iPhone.Build.0 = Release|Any CPU
		{7CE263B7-3D45-4CA2-B02D-67D01C06F58D}.Ad-Hoc|iPhone.Deploy.0 = Release|Any CPU
		{7CE263B7-3D45-4CA2-B02D-67D01C06F58D}.Ad-Hoc|iPhoneSimulator.ActiveCfg = Release|Any CPU
		{7CE263B7-3D45-4CA2-B02D-67D01C06F58D}.Ad-Hoc|iPhoneSimulator.Build.0 = Release|Any CPU
		{7CE263B7-3D45-4CA2-B02D-67D01C06F58D}.Ad-Hoc|iPhoneSimulator.Deploy.0 = Release|Any CPU
		{7CE263B7-3D45-4CA2-B02D-67D01C06F58D}.Ad-Hoc|x64.ActiveCfg = Release|x64
		{7CE263B7-3D45-4CA2-B02D-67D01C06F58D}.Ad-Hoc|x64.Build.0 = Release|x64
		{7CE263B7-3D45-4CA2-B02D-67D01C06F58D}.Ad-Hoc|x64.Deploy.0 = Release|x64
		{7CE263B7-3D45-4CA2-B02D-67D01C06F58D}.Ad-Hoc|x86.ActiveCfg = Release|x86
		{7CE263B7-3D45-4CA2-B02D-67D01C06F58D}.Ad-Hoc|x86.Build.0 = Release|x86
		{7CE263B7-3D45-4CA2-B02D-67D01C06F58D}.Ad-Hoc|x86.Deploy.0 = Release|x86
		{7CE263B7-3D45-4CA2-B02D-67D01C06F58D}.AppStore|Any CPU.ActiveCfg = Release|Any CPU
		{7CE263B7-3D45-4CA2-B02D-67D01C06F58D}.AppStore|Any CPU.Build.0 = Release|Any CPU
		{7CE263B7-3D45-4CA2-B02D-67D01C06F58D}.AppStore|Any CPU.Deploy.0 = Release|Any CPU
		{7CE263B7-3D45-4CA2-B02D-67D01C06F58D}.AppStore|ARM.ActiveCfg = Release|ARM
		{7CE263B7-3D45-4CA2-B02D-67D01C06F58D}.AppStore|ARM.Build.0 = Release|ARM
		{7CE263B7-3D45-4CA2-B02D-67D01C06F58D}.AppStore|ARM.Deploy.0 = Release|ARM
		{7CE263B7-3D45-4CA2-B02D-67D01C06F58D}.AppStore|iPhone.ActiveCfg = Release|Any CPU
		{7CE263B7-3D45-4CA2-B02D-67D01C06F58D}.AppStore|iPhone.Build.0 = Release|Any CPU
		{7CE263B7-3D45-4CA2-B02D-67D01C06F58D}.AppStore|iPhone.Deploy.0 = Release|Any CPU
		{7CE263B7-3D45-4CA2-B02D-67D01C06F58D}.AppStore|iPhoneSimulator.ActiveCfg = Release|Any CPU
		{7CE263B7-3D45-4CA2-B02D-67D01C06F58D}.AppStore|iPhoneSimulator.Build.0 = Release|Any CPU
		{7CE263B7-3D45-4CA2-B02D-67D01C06F58D}.AppStore|iPhoneSimulator.Deploy.0 = Release|Any CPU
		{7CE263B7-3D45-4CA2-B02D-67D01C06F58D}.AppStore|x64.ActiveCfg = Release|x64
		{7CE263B7-3D45-4CA2-B02D-67D01C06F58D}.AppStore|x64.Build.0 = Release|x64
		{7CE263B7-3D45-4CA2-B02D-67D01C06F58D}.AppStore|x64.Deploy.0 = Release|x64
		{7CE263B7-3D45-4CA2-B02D-67D01C06F58D}.AppStore|x86.ActiveCfg = Release|x86
		{7CE263B7-3D45-4CA2-B02D-67D01C06F58D}.AppStore|x86.Build.0 = Release|x86
		{7CE263B7-3D45-4CA2-B02D-67D01C06F58D}.AppStore|x86.Deploy.0 = Release|x86
		{7CE263B7-3D45-4CA2-B02D-67D01C06F58D}.Debug|Any CPU.ActiveCfg = Debug|Any CPU
		{7CE263B7-3D45-4CA2-B02D-67D01C06F58D}.Debug|Any CPU.Build.0 = Debug|Any CPU
		{7CE263B7-3D45-4CA2-B02D-67D01C06F58D}.Debug|Any CPU.Deploy.0 = Debug|Any CPU
		{7CE263B7-3D45-4CA2-B02D-67D01C06F58D}.Debug|ARM.ActiveCfg = Debug|ARM
		{7CE263B7-3D45-4CA2-B02D-67D01C06F58D}.Debug|ARM.Build.0 = Debug|ARM
		{7CE263B7-3D45-4CA2-B02D-67D01C06F58D}.Debug|ARM.Deploy.0 = Debug|ARM
		{7CE263B7-3D45-4CA2-B02D-67D01C06F58D}.Debug|iPhone.ActiveCfg = Debug|Any CPU
		{7CE263B7-3D45-4CA2-B02D-67D01C06F58D}.Debug|iPhone.Build.0 = Debug|Any CPU
		{7CE263B7-3D45-4CA2-B02D-67D01C06F58D}.Debug|iPhone.Deploy.0 = Debug|Any CPU
		{7CE263B7-3D45-4CA2-B02D-67D01C06F58D}.Debug|iPhoneSimulator.ActiveCfg = Debug|Any CPU
		{7CE263B7-3D45-4CA2-B02D-67D01C06F58D}.Debug|iPhoneSimulator.Build.0 = Debug|Any CPU
		{7CE263B7-3D45-4CA2-B02D-67D01C06F58D}.Debug|iPhoneSimulator.Deploy.0 = Debug|Any CPU
		{7CE263B7-3D45-4CA2-B02D-67D01C06F58D}.Debug|x64.ActiveCfg = Debug|x64
		{7CE263B7-3D45-4CA2-B02D-67D01C06F58D}.Debug|x64.Build.0 = Debug|x64
		{7CE263B7-3D45-4CA2-B02D-67D01C06F58D}.Debug|x64.Deploy.0 = Debug|x64
		{7CE263B7-3D45-4CA2-B02D-67D01C06F58D}.Debug|x86.ActiveCfg = Debug|x86
		{7CE263B7-3D45-4CA2-B02D-67D01C06F58D}.Debug|x86.Build.0 = Debug|x86
		{7CE263B7-3D45-4CA2-B02D-67D01C06F58D}.Debug|x86.Deploy.0 = Debug|x86
		{7CE263B7-3D45-4CA2-B02D-67D01C06F58D}.Release|Any CPU.ActiveCfg = Release|Any CPU
		{7CE263B7-3D45-4CA2-B02D-67D01C06F58D}.Release|Any CPU.Build.0 = Release|Any CPU
		{7CE263B7-3D45-4CA2-B02D-67D01C06F58D}.Release|Any CPU.Deploy.0 = Release|Any CPU
		{7CE263B7-3D45-4CA2-B02D-67D01C06F58D}.Release|ARM.ActiveCfg = Release|ARM
		{7CE263B7-3D45-4CA2-B02D-67D01C06F58D}.Release|ARM.Build.0 = Release|ARM
		{7CE263B7-3D45-4CA2-B02D-67D01C06F58D}.Release|ARM.Deploy.0 = Release|ARM
		{7CE263B7-3D45-4CA2-B02D-67D01C06F58D}.Release|iPhone.ActiveCfg = Release|Any CPU
		{7CE263B7-3D45-4CA2-B02D-67D01C06F58D}.Release|iPhone.Build.0 = Release|Any CPU
		{7CE263B7-3D45-4CA2-B02D-67D01C06F58D}.Release|iPhone.Deploy.0 = Release|Any CPU
		{7CE263B7-3D45-4CA2-B02D-67D01C06F58D}.Release|iPhoneSimulator.ActiveCfg = Release|Any CPU
		{7CE263B7-3D45-4CA2-B02D-67D01C06F58D}.Release|iPhoneSimulator.Build.0 = Release|Any CPU
		{7CE263B7-3D45-4CA2-B02D-67D01C06F58D}.Release|iPhoneSimulator.Deploy.0 = Release|Any CPU
		{7CE263B7-3D45-4CA2-B02D-67D01C06F58D}.Release|x64.ActiveCfg = Release|x64
		{7CE263B7-3D45-4CA2-B02D-67D01C06F58D}.Release|x64.Build.0 = Release|x64
		{7CE263B7-3D45-4CA2-B02D-67D01C06F58D}.Release|x64.Deploy.0 = Release|x64
		{7CE263B7-3D45-4CA2-B02D-67D01C06F58D}.Release|x86.ActiveCfg = Release|x86
		{7CE263B7-3D45-4CA2-B02D-67D01C06F58D}.Release|x86.Build.0 = Release|x86
		{7CE263B7-3D45-4CA2-B02D-67D01C06F58D}.Release|x86.Deploy.0 = Release|x86
		{702EE2F0-91C6-435D-AA63-E5B19960B5C4}.Ad-Hoc|Any CPU.ActiveCfg = Release|Any CPU
		{702EE2F0-91C6-435D-AA63-E5B19960B5C4}.Ad-Hoc|Any CPU.Build.0 = Release|Any CPU
		{702EE2F0-91C6-435D-AA63-E5B19960B5C4}.Ad-Hoc|ARM.ActiveCfg = Release|Any CPU
		{702EE2F0-91C6-435D-AA63-E5B19960B5C4}.Ad-Hoc|ARM.Build.0 = Release|Any CPU
		{702EE2F0-91C6-435D-AA63-E5B19960B5C4}.Ad-Hoc|iPhone.ActiveCfg = Release|Any CPU
		{702EE2F0-91C6-435D-AA63-E5B19960B5C4}.Ad-Hoc|iPhone.Build.0 = Release|Any CPU
		{702EE2F0-91C6-435D-AA63-E5B19960B5C4}.Ad-Hoc|iPhoneSimulator.ActiveCfg = Release|Any CPU
		{702EE2F0-91C6-435D-AA63-E5B19960B5C4}.Ad-Hoc|iPhoneSimulator.Build.0 = Release|Any CPU
		{702EE2F0-91C6-435D-AA63-E5B19960B5C4}.Ad-Hoc|x64.ActiveCfg = Release|Any CPU
		{702EE2F0-91C6-435D-AA63-E5B19960B5C4}.Ad-Hoc|x64.Build.0 = Release|Any CPU
		{702EE2F0-91C6-435D-AA63-E5B19960B5C4}.Ad-Hoc|x86.ActiveCfg = Release|Any CPU
		{702EE2F0-91C6-435D-AA63-E5B19960B5C4}.Ad-Hoc|x86.Build.0 = Release|Any CPU
		{702EE2F0-91C6-435D-AA63-E5B19960B5C4}.AppStore|Any CPU.ActiveCfg = Release|Any CPU
		{702EE2F0-91C6-435D-AA63-E5B19960B5C4}.AppStore|Any CPU.Build.0 = Release|Any CPU
		{702EE2F0-91C6-435D-AA63-E5B19960B5C4}.AppStore|ARM.ActiveCfg = Release|Any CPU
		{702EE2F0-91C6-435D-AA63-E5B19960B5C4}.AppStore|ARM.Build.0 = Release|Any CPU
		{702EE2F0-91C6-435D-AA63-E5B19960B5C4}.AppStore|iPhone.ActiveCfg = Release|Any CPU
		{702EE2F0-91C6-435D-AA63-E5B19960B5C4}.AppStore|iPhone.Build.0 = Release|Any CPU
		{702EE2F0-91C6-435D-AA63-E5B19960B5C4}.AppStore|iPhoneSimulator.ActiveCfg = Release|Any CPU
		{702EE2F0-91C6-435D-AA63-E5B19960B5C4}.AppStore|iPhoneSimulator.Build.0 = Release|Any CPU
		{702EE2F0-91C6-435D-AA63-E5B19960B5C4}.AppStore|x64.ActiveCfg = Release|Any CPU
		{702EE2F0-91C6-435D-AA63-E5B19960B5C4}.AppStore|x64.Build.0 = Release|Any CPU
		{702EE2F0-91C6-435D-AA63-E5B19960B5C4}.AppStore|x86.ActiveCfg = Release|Any CPU
		{702EE2F0-91C6-435D-AA63-E5B19960B5C4}.AppStore|x86.Build.0 = Release|Any CPU
		{702EE2F0-91C6-435D-AA63-E5B19960B5C4}.Debug|Any CPU.ActiveCfg = Debug|Any CPU
		{702EE2F0-91C6-435D-AA63-E5B19960B5C4}.Debug|Any CPU.Build.0 = Debug|Any CPU
		{702EE2F0-91C6-435D-AA63-E5B19960B5C4}.Debug|ARM.ActiveCfg = Debug|Any CPU
		{702EE2F0-91C6-435D-AA63-E5B19960B5C4}.Debug|ARM.Build.0 = Debug|Any CPU
		{702EE2F0-91C6-435D-AA63-E5B19960B5C4}.Debug|iPhone.ActiveCfg = Debug|Any CPU
		{702EE2F0-91C6-435D-AA63-E5B19960B5C4}.Debug|iPhone.Build.0 = Debug|Any CPU
		{702EE2F0-91C6-435D-AA63-E5B19960B5C4}.Debug|iPhoneSimulator.ActiveCfg = Debug|Any CPU
		{702EE2F0-91C6-435D-AA63-E5B19960B5C4}.Debug|iPhoneSimulator.Build.0 = Debug|Any CPU
		{702EE2F0-91C6-435D-AA63-E5B19960B5C4}.Debug|x64.ActiveCfg = Debug|Any CPU
		{702EE2F0-91C6-435D-AA63-E5B19960B5C4}.Debug|x64.Build.0 = Debug|Any CPU
		{702EE2F0-91C6-435D-AA63-E5B19960B5C4}.Debug|x86.ActiveCfg = Debug|Any CPU
		{702EE2F0-91C6-435D-AA63-E5B19960B5C4}.Debug|x86.Build.0 = Debug|Any CPU
		{702EE2F0-91C6-435D-AA63-E5B19960B5C4}.Release|Any CPU.ActiveCfg = Release|Any CPU
		{702EE2F0-91C6-435D-AA63-E5B19960B5C4}.Release|Any CPU.Build.0 = Release|Any CPU
		{702EE2F0-91C6-435D-AA63-E5B19960B5C4}.Release|ARM.ActiveCfg = Release|Any CPU
		{702EE2F0-91C6-435D-AA63-E5B19960B5C4}.Release|ARM.Build.0 = Release|Any CPU
		{702EE2F0-91C6-435D-AA63-E5B19960B5C4}.Release|iPhone.ActiveCfg = Release|Any CPU
		{702EE2F0-91C6-435D-AA63-E5B19960B5C4}.Release|iPhone.Build.0 = Release|Any CPU
		{702EE2F0-91C6-435D-AA63-E5B19960B5C4}.Release|iPhoneSimulator.ActiveCfg = Release|Any CPU
		{702EE2F0-91C6-435D-AA63-E5B19960B5C4}.Release|iPhoneSimulator.Build.0 = Release|Any CPU
		{702EE2F0-91C6-435D-AA63-E5B19960B5C4}.Release|x64.ActiveCfg = Release|Any CPU
		{702EE2F0-91C6-435D-AA63-E5B19960B5C4}.Release|x64.Build.0 = Release|Any CPU
		{702EE2F0-91C6-435D-AA63-E5B19960B5C4}.Release|x86.ActiveCfg = Release|Any CPU
		{702EE2F0-91C6-435D-AA63-E5B19960B5C4}.Release|x86.Build.0 = Release|Any CPU
	EndGlobalSection
	GlobalSection(SolutionProperties) = preSolution
		HideSolutionNode = FALSE
	EndGlobalSection
EndGlobal
